{
  "name": "my-new-project",
  "version": "1.0.0",
  "lockfileVersion": 2,
  "requires": true,
  "packages": {
    "": {
      "name": "my-new-project",
      "version": "1.0.0",
      "license": "ISC",
      "dependencies": {
        "zacks-api": "^1.0.5"
      }
    },
    "node_modules/zacks-api": {
      "version": "1.0.5",
      "resolved": "https://registry.npmjs.org/zacks-api/-/zacks-api-1.0.5.tgz",
      "integrity": "sha512-sGcutJc1NqJk1FS18ID7VW3JxQ5/sLVXe1leHivnhxnwpNHpnxTOxI2Vyblh5/5qRulSxD6BheqQHuhqn1/+ew==",
      "bin": {
        "zacks-api": "index.js"
      }
    }
  },
  "dependencies": {
    "zacks-api": {
      "version": "1.0.5",
      "resolved": "https://registry.npmjs.org/zacks-api/-/zacks-api-1.0.5.tgz",
      "integrity": "sha512-sGcutJc1NqJk1FS18ID7VW3JxQ5/sLVXe1leHivnhxnwpNHpnxTOxI2Vyblh5/5qRulSxD6BheqQHuhqn1/+ew=="
    }
  }
}
